
Microsoft Visual Studio Solution File, Format Version 12.00
# Visual Studio Version 17
VisualStudioVersion = 17.7.34003.232
MinimumVisualStudioVersion = 10.0.40219.1
Project("{2150E333-8FDC-42A3-9474-1A3956D46DE8}") = "thirdparty", "thirdparty", "{E6BD39A4-16FC-45AE-9762-744DF4F5B341}"
EndProject
Project("{8BC9CEB8-8B4A-11D0-8D11-00A0C91BC942}") = "LSD", "thirdparty\LSD\LSD.vcxproj", "{05B76C68-948D-42ED-A82B-E1D6DE416CDB}"
EndProject
Project("{2150E333-8FDC-42A3-9474-1A3956D46DE8}") = "Test", "Test", "{D6427BB8-089C-456E-B804-6126AA3048CD}"
EndProject
Project("{8BC9CEB8-8B4A-11D0-8D11-00A0C91BC942}") = "TestLSD", "Test\LSD\TestLSD\TestLSD.vcxproj", "{A2071E12-E074-4BD1-83BE-2E478AF3590B}"
EndProject
Project("{8BC9CEB8-8B4A-11D0-8D11-00A0C91BC942}") = "SIFT_GPU", "thirdparty\SIFT_GPU\SIFT_GPU.vcxproj", "{73AD7575-71D7-47EF-868A-F3318960FDA2}"
EndProject
Project("{8BC9CEB8-8B4A-11D0-8D11-00A0C91BC942}") = "TestSIFT_GPU", "Test\SIFT_GPU\TestSIFT_GPU\TestSIFT_GPU.vcxproj", "{473AE4AB-878F-4A3F-9D18-3C581F29D3F4}"
EndProject
Project("{2150E333-8FDC-42A3-9474-1A3956D46DE8}") = "src", "src", "{7E1D3934-D2BE-45FC-BA02-BCD9F4C660F5}"
EndProject
Project("{8BC9CEB8-8B4A-11D0-8D11-00A0C91BC942}") = "Scene", "src\Scene\Scene.vcxproj", "{62E80978-9243-4E55-A73F-DD942A5963EA}"
EndProject
Project("{8BC9CEB8-8B4A-11D0-8D11-00A0C91BC942}") = "Base", "src\Base\Base.vcxproj", "{D282AE32-28C6-44E0-9091-2F768B2CA868}"
EndProject
Project("{8BC9CEB8-8B4A-11D0-8D11-00A0C91BC942}") = "Geometry", "src\Geometry\Geometry.vcxproj", "{B5B4E00D-541B-4EDD-BA48-8EC19029BCCE}"
EndProject
Project("{8BC9CEB8-8B4A-11D0-8D11-00A0C91BC942}") = "Estimator", "src\Estimator\Estimator.vcxproj", "{A64F1025-03C0-48AB-9C7D-A012781B1CF7}"
EndProject
Project("{8BC9CEB8-8B4A-11D0-8D11-00A0C91BC942}") = "TestBase", "Test\TestBase\TestBase.vcxproj", "{939A63B8-150B-46C4-AD3E-DE4B5A4573D9}"
EndProject
Project("{8BC9CEB8-8B4A-11D0-8D11-00A0C91BC942}") = "TestEstimator", "Test\TestEstimator\TestEstimator.vcxproj", "{C18290D7-FE21-4D48-AEED-1416FA98F48C}"
	ProjectSection(ProjectDependencies) = postProject
		{A64F1025-03C0-48AB-9C7D-A012781B1CF7} = {A64F1025-03C0-48AB-9C7D-A012781B1CF7}
		{D282AE32-28C6-44E0-9091-2F768B2CA868} = {D282AE32-28C6-44E0-9091-2F768B2CA868}
	EndProjectSection
EndProject
Project("{8BC9CEB8-8B4A-11D0-8D11-00A0C91BC942}") = "TestGeometry", "Test\TestGeometry\TestGeometry.vcxproj", "{97CE8E9B-3052-4FB9-B83E-05E8BD9BA931}"
EndProject
Project("{8BC9CEB8-8B4A-11D0-8D11-00A0C91BC942}") = "TestScene", "Test\TestScene\TestScene.vcxproj", "{586FADFE-576A-41B6-B6BF-8FFF5D9568B6}"
	ProjectSection(ProjectDependencies) = postProject
		{62E80978-9243-4E55-A73F-DD942A5963EA} = {62E80978-9243-4E55-A73F-DD942A5963EA}
		{D282AE32-28C6-44E0-9091-2F768B2CA868} = {D282AE32-28C6-44E0-9091-2F768B2CA868}
	EndProjectSection
EndProject
Project("{8BC9CEB8-8B4A-11D0-8D11-00A0C91BC942}") = "Feature", "src\Feature\Feature.vcxproj", "{68819EF4-3281-4734-BCFF-15A22EBCB546}"
EndProject
Project("{8BC9CEB8-8B4A-11D0-8D11-00A0C91BC942}") = "VLFeat", "thirdparty\VLFeat\VLFeat.vcxproj", "{64FECE1C-706A-4EB1-B3D6-1C790CA1C71B}"
EndProject
Project("{8BC9CEB8-8B4A-11D0-8D11-00A0C91BC942}") = "TestFeature", "Test\TestFeature\TestFeature.vcxproj", "{F81A16AF-0BF1-4A84-8579-CA94A58C3DB1}"
	ProjectSection(ProjectDependencies) = postProject
		{62E80978-9243-4E55-A73F-DD942A5963EA} = {62E80978-9243-4E55-A73F-DD942A5963EA}
		{64FECE1C-706A-4EB1-B3D6-1C790CA1C71B} = {64FECE1C-706A-4EB1-B3D6-1C790CA1C71B}
		{68819EF4-3281-4734-BCFF-15A22EBCB546} = {68819EF4-3281-4734-BCFF-15A22EBCB546}
		{73AD7575-71D7-47EF-868A-F3318960FDA2} = {73AD7575-71D7-47EF-868A-F3318960FDA2}
		{A64F1025-03C0-48AB-9C7D-A012781B1CF7} = {A64F1025-03C0-48AB-9C7D-A012781B1CF7}
		{B5B4E00D-541B-4EDD-BA48-8EC19029BCCE} = {B5B4E00D-541B-4EDD-BA48-8EC19029BCCE}
		{D282AE32-28C6-44E0-9091-2F768B2CA868} = {D282AE32-28C6-44E0-9091-2F768B2CA868}
	EndProjectSection
EndProject
Project("{8BC9CEB8-8B4A-11D0-8D11-00A0C91BC942}") = "Workflow", "src\Workflow\Workflow.vcxproj", "{909F7DD6-1B5F-4B5D-B43B-89C93A989475}"
EndProject
Project("{8BC9CEB8-8B4A-11D0-8D11-00A0C91BC942}") = "TestWorkflow", "Test\TestWorkflow\TestWorkflow.vcxproj", "{42C7ED0F-7AC7-4156-B021-EC88A852FE55}"
	ProjectSection(ProjectDependencies) = postProject
		{05B76C68-948D-42ED-A82B-E1D6DE416CDB} = {05B76C68-948D-42ED-A82B-E1D6DE416CDB}
		{62E80978-9243-4E55-A73F-DD942A5963EA} = {62E80978-9243-4E55-A73F-DD942A5963EA}
		{64FECE1C-706A-4EB1-B3D6-1C790CA1C71B} = {64FECE1C-706A-4EB1-B3D6-1C790CA1C71B}
		{68819EF4-3281-4734-BCFF-15A22EBCB546} = {68819EF4-3281-4734-BCFF-15A22EBCB546}
		{73AD7575-71D7-47EF-868A-F3318960FDA2} = {73AD7575-71D7-47EF-868A-F3318960FDA2}
		{909F7DD6-1B5F-4B5D-B43B-89C93A989475} = {909F7DD6-1B5F-4B5D-B43B-89C93A989475}
		{A64F1025-03C0-48AB-9C7D-A012781B1CF7} = {A64F1025-03C0-48AB-9C7D-A012781B1CF7}
		{B5B4E00D-541B-4EDD-BA48-8EC19029BCCE} = {B5B4E00D-541B-4EDD-BA48-8EC19029BCCE}
		{D282AE32-28C6-44E0-9091-2F768B2CA868} = {D282AE32-28C6-44E0-9091-2F768B2CA868}
	EndProjectSection
EndProject
Project("{8BC9CEB8-8B4A-11D0-8D11-00A0C91BC942}") = "UI", "src\UI\UI.vcxproj", "{2E85CD09-7A4D-494F-B991-22E108CDCD0B}"
EndProject
Project("{8BC9CEB8-8B4A-11D0-8D11-00A0C91BC942}") = "TestUI", "Test\TestUI\TestUI.vcxproj", "{13B58602-224A-4AF0-9478-1B8645B7142A}"
	ProjectSection(ProjectDependencies) = postProject
		{05B76C68-948D-42ED-A82B-E1D6DE416CDB} = {05B76C68-948D-42ED-A82B-E1D6DE416CDB}
		{2E85CD09-7A4D-494F-B991-22E108CDCD0B} = {2E85CD09-7A4D-494F-B991-22E108CDCD0B}
		{62E80978-9243-4E55-A73F-DD942A5963EA} = {62E80978-9243-4E55-A73F-DD942A5963EA}
		{64FECE1C-706A-4EB1-B3D6-1C790CA1C71B} = {64FECE1C-706A-4EB1-B3D6-1C790CA1C71B}
		{68819EF4-3281-4734-BCFF-15A22EBCB546} = {68819EF4-3281-4734-BCFF-15A22EBCB546}
		{73AD7575-71D7-47EF-868A-F3318960FDA2} = {73AD7575-71D7-47EF-868A-F3318960FDA2}
		{909F7DD6-1B5F-4B5D-B43B-89C93A989475} = {909F7DD6-1B5F-4B5D-B43B-89C93A989475}
		{A64F1025-03C0-48AB-9C7D-A012781B1CF7} = {A64F1025-03C0-48AB-9C7D-A012781B1CF7}
		{B5B4E00D-541B-4EDD-BA48-8EC19029BCCE} = {B5B4E00D-541B-4EDD-BA48-8EC19029BCCE}
		{D282AE32-28C6-44E0-9091-2F768B2CA868} = {D282AE32-28C6-44E0-9091-2F768B2CA868}
	EndProjectSection
EndProject
Global
	GlobalSection(SolutionConfigurationPlatforms) = preSolution
		Debug|x64 = Debug|x64
		Debug|x86 = Debug|x86
		Release|x64 = Release|x64
		Release|x86 = Release|x86
	EndGlobalSection
	GlobalSection(ProjectConfigurationPlatforms) = postSolution
		{05B76C68-948D-42ED-A82B-E1D6DE416CDB}.Debug|x64.ActiveCfg = Debug|x64
		{05B76C68-948D-42ED-A82B-E1D6DE416CDB}.Debug|x64.Build.0 = Debug|x64
		{05B76C68-948D-42ED-A82B-E1D6DE416CDB}.Debug|x86.ActiveCfg = Debug|Win32
		{05B76C68-948D-42ED-A82B-E1D6DE416CDB}.Debug|x86.Build.0 = Debug|Win32
		{05B76C68-948D-42ED-A82B-E1D6DE416CDB}.Release|x64.ActiveCfg = Release|x64
		{05B76C68-948D-42ED-A82B-E1D6DE416CDB}.Release|x64.Build.0 = Release|x64
		{05B76C68-948D-42ED-A82B-E1D6DE416CDB}.Release|x86.ActiveCfg = Release|Win32
		{05B76C68-948D-42ED-A82B-E1D6DE416CDB}.Release|x86.Build.0 = Release|Win32
		{A2071E12-E074-4BD1-83BE-2E478AF3590B}.Debug|x64.ActiveCfg = Debug|x64
		{A2071E12-E074-4BD1-83BE-2E478AF3590B}.Debug|x64.Build.0 = Debug|x64
		{A2071E12-E074-4BD1-83BE-2E478AF3590B}.Debug|x86.ActiveCfg = Debug|Win32
		{A2071E12-E074-4BD1-83BE-2E478AF3590B}.Debug|x86.Build.0 = Debug|Win32
		{A2071E12-E074-4BD1-83BE-2E478AF3590B}.Release|x64.ActiveCfg = Release|x64
		{A2071E12-E074-4BD1-83BE-2E478AF3590B}.Release|x64.Build.0 = Release|x64
		{A2071E12-E074-4BD1-83BE-2E478AF3590B}.Release|x86.ActiveCfg = Release|Win32
		{A2071E12-E074-4BD1-83BE-2E478AF3590B}.Release|x86.Build.0 = Release|Win32
		{73AD7575-71D7-47EF-868A-F3318960FDA2}.Debug|x64.ActiveCfg = Debug|x64
		{73AD7575-71D7-47EF-868A-F3318960FDA2}.Debug|x64.Build.0 = Debug|x64
		{73AD7575-71D7-47EF-868A-F3318960FDA2}.Debug|x86.ActiveCfg = Debug|x64
		{73AD7575-71D7-47EF-868A-F3318960FDA2}.Debug|x86.Build.0 = Debug|x64
		{73AD7575-71D7-47EF-868A-F3318960FDA2}.Release|x64.ActiveCfg = Release|x64
		{73AD7575-71D7-47EF-868A-F3318960FDA2}.Release|x64.Build.0 = Release|x64
		{73AD7575-71D7-47EF-868A-F3318960FDA2}.Release|x86.ActiveCfg = Release|x64
		{73AD7575-71D7-47EF-868A-F3318960FDA2}.Release|x86.Build.0 = Release|x64
		{473AE4AB-878F-4A3F-9D18-3C581F29D3F4}.Debug|x64.ActiveCfg = Debug|x64
		{473AE4AB-878F-4A3F-9D18-3C581F29D3F4}.Debug|x64.Build.0 = Debug|x64
		{473AE4AB-878F-4A3F-9D18-3C581F29D3F4}.Debug|x86.ActiveCfg = Debug|Win32
		{473AE4AB-878F-4A3F-9D18-3C581F29D3F4}.Debug|x86.Build.0 = Debug|Win32
		{473AE4AB-878F-4A3F-9D18-3C581F29D3F4}.Release|x64.ActiveCfg = Release|x64
		{473AE4AB-878F-4A3F-9D18-3C581F29D3F4}.Release|x64.Build.0 = Release|x64
		{473AE4AB-878F-4A3F-9D18-3C581F29D3F4}.Release|x86.ActiveCfg = Release|Win32
		{473AE4AB-878F-4A3F-9D18-3C581F29D3F4}.Release|x86.Build.0 = Release|Win32
		{62E80978-9243-4E55-A73F-DD942A5963EA}.Debug|x64.ActiveCfg = Debug|x64
		{62E80978-9243-4E55-A73F-DD942A5963EA}.Debug|x64.Build.0 = Debug|x64
		{62E80978-9243-4E55-A73F-DD942A5963EA}.Debug|x86.ActiveCfg = Debug|Win32
		{62E80978-9243-4E55-A73F-DD942A5963EA}.Debug|x86.Build.0 = Debug|Win32
		{62E80978-9243-4E55-A73F-DD942A5963EA}.Release|x64.ActiveCfg = Release|x64
		{62E80978-9243-4E55-A73F-DD942A5963EA}.Release|x64.Build.0 = Release|x64
		{62E80978-9243-4E55-A73F-DD942A5963EA}.Release|x86.ActiveCfg = Release|Win32
		{62E80978-9243-4E55-A73F-DD942A5963EA}.Release|x86.Build.0 = Release|Win32
		{D282AE32-28C6-44E0-9091-2F768B2CA868}.Debug|x64.ActiveCfg = Debug|x64
		{D282AE32-28C6-44E0-9091-2F768B2CA868}.Debug|x64.Build.0 = Debug|x64
		{D282AE32-28C6-44E0-9091-2F768B2CA868}.Debug|x86.ActiveCfg = Debug|Win32
		{D282AE32-28C6-44E0-9091-2F768B2CA868}.Debug|x86.Build.0 = Debug|Win32
		{D282AE32-28C6-44E0-9091-2F768B2CA868}.Release|x64.ActiveCfg = Release|x64
		{D282AE32-28C6-44E0-9091-2F768B2CA868}.Release|x64.Build.0 = Release|x64
		{D282AE32-28C6-44E0-9091-2F768B2CA868}.Release|x86.ActiveCfg = Release|Win32
		{D282AE32-28C6-44E0-9091-2F768B2CA868}.Release|x86.Build.0 = Release|Win32
		{B5B4E00D-541B-4EDD-BA48-8EC19029BCCE}.Debug|x64.ActiveCfg = Debug|x64
		{B5B4E00D-541B-4EDD-BA48-8EC19029BCCE}.Debug|x64.Build.0 = Debug|x64
		{B5B4E00D-541B-4EDD-BA48-8EC19029BCCE}.Debug|x86.ActiveCfg = Debug|Win32
		{B5B4E00D-541B-4EDD-BA48-8EC19029BCCE}.Debug|x86.Build.0 = Debug|Win32
		{B5B4E00D-541B-4EDD-BA48-8EC19029BCCE}.Release|x64.ActiveCfg = Release|x64
		{B5B4E00D-541B-4EDD-BA48-8EC19029BCCE}.Release|x64.Build.0 = Release|x64
		{B5B4E00D-541B-4EDD-BA48-8EC19029BCCE}.Release|x86.ActiveCfg = Release|Win32
		{B5B4E00D-541B-4EDD-BA48-8EC19029BCCE}.Release|x86.Build.0 = Release|Win32
		{A64F1025-03C0-48AB-9C7D-A012781B1CF7}.Debug|x64.ActiveCfg = Debug|x64
		{A64F1025-03C0-48AB-9C7D-A012781B1CF7}.Debug|x64.Build.0 = Debug|x64
		{A64F1025-03C0-48AB-9C7D-A012781B1CF7}.Debug|x86.ActiveCfg = Debug|Win32
		{A64F1025-03C0-48AB-9C7D-A012781B1CF7}.Debug|x86.Build.0 = Debug|Win32
		{A64F1025-03C0-48AB-9C7D-A012781B1CF7}.Release|x64.ActiveCfg = Release|x64
		{A64F1025-03C0-48AB-9C7D-A012781B1CF7}.Release|x64.Build.0 = Release|x64
		{A64F1025-03C0-48AB-9C7D-A012781B1CF7}.Release|x86.ActiveCfg = Release|Win32
		{A64F1025-03C0-48AB-9C7D-A012781B1CF7}.Release|x86.Build.0 = Release|Win32
		{939A63B8-150B-46C4-AD3E-DE4B5A4573D9}.Debug|x64.ActiveCfg = Debug|x64
		{939A63B8-150B-46C4-AD3E-DE4B5A4573D9}.Debug|x64.Build.0 = Debug|x64
		{939A63B8-150B-46C4-AD3E-DE4B5A4573D9}.Debug|x86.ActiveCfg = Debug|Win32
		{939A63B8-150B-46C4-AD3E-DE4B5A4573D9}.Debug|x86.Build.0 = Debug|Win32
		{939A63B8-150B-46C4-AD3E-DE4B5A4573D9}.Release|x64.ActiveCfg = Release|x64
		{939A63B8-150B-46C4-AD3E-DE4B5A4573D9}.Release|x64.Build.0 = Release|x64
		{939A63B8-150B-46C4-AD3E-DE4B5A4573D9}.Release|x86.ActiveCfg = Release|Win32
		{939A63B8-150B-46C4-AD3E-DE4B5A4573D9}.Release|x86.Build.0 = Release|Win32
		{C18290D7-FE21-4D48-AEED-1416FA98F48C}.Debug|x64.ActiveCfg = Debug|x64
		{C18290D7-FE21-4D48-AEED-1416FA98F48C}.Debug|x64.Build.0 = Debug|x64
		{C18290D7-FE21-4D48-AEED-1416FA98F48C}.Debug|x86.ActiveCfg = Debug|Win32
		{C18290D7-FE21-4D48-AEED-1416FA98F48C}.Debug|x86.Build.0 = Debug|Win32
		{C18290D7-FE21-4D48-AEED-1416FA98F48C}.Release|x64.ActiveCfg = Release|x64
		{C18290D7-FE21-4D48-AEED-1416FA98F48C}.Release|x64.Build.0 = Release|x64
		{C18290D7-FE21-4D48-AEED-1416FA98F48C}.Release|x86.ActiveCfg = Release|Win32
		{C18290D7-FE21-4D48-AEED-1416FA98F48C}.Release|x86.Build.0 = Release|Win32
		{97CE8E9B-3052-4FB9-B83E-05E8BD9BA931}.Debug|x64.ActiveCfg = Debug|x64
		{97CE8E9B-3052-4FB9-B83E-05E8BD9BA931}.Debug|x64.Build.0 = Debug|x64
		{97CE8E9B-3052-4FB9-B83E-05E8BD9BA931}.Debug|x86.ActiveCfg = Debug|Win32
		{97CE8E9B-3052-4FB9-B83E-05E8BD9BA931}.Debug|x86.Build.0 = Debug|Win32
		{97CE8E9B-3052-4FB9-B83E-05E8BD9BA931}.Release|x64.ActiveCfg = Release|x64
		{97CE8E9B-3052-4FB9-B83E-05E8BD9BA931}.Release|x64.Build.0 = Release|x64
		{97CE8E9B-3052-4FB9-B83E-05E8BD9BA931}.Release|x86.ActiveCfg = Release|Win32
		{97CE8E9B-3052-4FB9-B83E-05E8BD9BA931}.Release|x86.Build.0 = Release|Win32
		{586FADFE-576A-41B6-B6BF-8FFF5D9568B6}.Debug|x64.ActiveCfg = Debug|x64
		{586FADFE-576A-41B6-B6BF-8FFF5D9568B6}.Debug|x64.Build.0 = Debug|x64
		{586FADFE-576A-41B6-B6BF-8FFF5D9568B6}.Debug|x86.ActiveCfg = Debug|Win32
		{586FADFE-576A-41B6-B6BF-8FFF5D9568B6}.Debug|x86.Build.0 = Debug|Win32
		{586FADFE-576A-41B6-B6BF-8FFF5D9568B6}.Release|x64.ActiveCfg = Release|x64
		{586FADFE-576A-41B6-B6BF-8FFF5D9568B6}.Release|x64.Build.0 = Release|x64
		{586FADFE-576A-41B6-B6BF-8FFF5D9568B6}.Release|x86.ActiveCfg = Release|Win32
		{586FADFE-576A-41B6-B6BF-8FFF5D9568B6}.Release|x86.Build.0 = Release|Win32
		{68819EF4-3281-4734-BCFF-15A22EBCB546}.Debug|x64.ActiveCfg = Debug|x64
		{68819EF4-3281-4734-BCFF-15A22EBCB546}.Debug|x64.Build.0 = Debug|x64
		{68819EF4-3281-4734-BCFF-15A22EBCB546}.Debug|x86.ActiveCfg = Debug|Win32
		{68819EF4-3281-4734-BCFF-15A22EBCB546}.Debug|x86.Build.0 = Debug|Win32
		{68819EF4-3281-4734-BCFF-15A22EBCB546}.Release|x64.ActiveCfg = Release|x64
		{68819EF4-3281-4734-BCFF-15A22EBCB546}.Release|x64.Build.0 = Release|x64
		{68819EF4-3281-4734-BCFF-15A22EBCB546}.Release|x86.ActiveCfg = Release|Win32
		{68819EF4-3281-4734-BCFF-15A22EBCB546}.Release|x86.Build.0 = Release|Win32
		{64FECE1C-706A-4EB1-B3D6-1C790CA1C71B}.Debug|x64.ActiveCfg = Debug|x64
		{64FECE1C-706A-4EB1-B3D6-1C790CA1C71B}.Debug|x64.Build.0 = Debug|x64
		{64FECE1C-706A-4EB1-B3D6-1C790CA1C71B}.Debug|x86.ActiveCfg = Debug|Win32
		{64FECE1C-706A-4EB1-B3D6-1C790CA1C71B}.Debug|x86.Build.0 = Debug|Win32
		{64FECE1C-706A-4EB1-B3D6-1C790CA1C71B}.Release|x64.ActiveCfg = Release|x64
		{64FECE1C-706A-4EB1-B3D6-1C790CA1C71B}.Release|x64.Build.0 = Release|x64
		{64FECE1C-706A-4EB1-B3D6-1C790CA1C71B}.Release|x86.ActiveCfg = Release|Win32
		{64FECE1C-706A-4EB1-B3D6-1C790CA1C71B}.Release|x86.Build.0 = Release|Win32
		{F81A16AF-0BF1-4A84-8579-CA94A58C3DB1}.Debug|x64.ActiveCfg = Debug|x64
		{F81A16AF-0BF1-4A84-8579-CA94A58C3DB1}.Debug|x64.Build.0 = Debug|x64
		{F81A16AF-0BF1-4A84-8579-CA94A58C3DB1}.Debug|x86.ActiveCfg = Debug|Win32
		{F81A16AF-0BF1-4A84-8579-CA94A58C3DB1}.Debug|x86.Build.0 = Debug|Win32
		{F81A16AF-0BF1-4A84-8579-CA94A58C3DB1}.Release|x64.ActiveCfg = Release|x64
		{F81A16AF-0BF1-4A84-8579-CA94A58C3DB1}.Release|x64.Build.0 = Release|x64
		{F81A16AF-0BF1-4A84-8579-CA94A58C3DB1}.Release|x86.ActiveCfg = Release|Win32
		{F81A16AF-0BF1-4A84-8579-CA94A58C3DB1}.Release|x86.Build.0 = Release|Win32
		{909F7DD6-1B5F-4B5D-B43B-89C93A989475}.Debug|x64.ActiveCfg = Debug|x64
		{909F7DD6-1B5F-4B5D-B43B-89C93A989475}.Debug|x64.Build.0 = Debug|x64
		{909F7DD6-1B5F-4B5D-B43B-89C93A989475}.Debug|x86.ActiveCfg = Debug|Win32
		{909F7DD6-1B5F-4B5D-B43B-89C93A989475}.Debug|x86.Build.0 = Debug|Win32
		{909F7DD6-1B5F-4B5D-B43B-89C93A989475}.Release|x64.ActiveCfg = Release|x64
		{909F7DD6-1B5F-4B5D-B43B-89C93A989475}.Release|x64.Build.0 = Release|x64
		{909F7DD6-1B5F-4B5D-B43B-89C93A989475}.Release|x86.ActiveCfg = Release|Win32
		{909F7DD6-1B5F-4B5D-B43B-89C93A989475}.Release|x86.Build.0 = Release|Win32
		{42C7ED0F-7AC7-4156-B021-EC88A852FE55}.Debug|x64.ActiveCfg = Debug|x64
		{42C7ED0F-7AC7-4156-B021-EC88A852FE55}.Debug|x64.Build.0 = Debug|x64
		{42C7ED0F-7AC7-4156-B021-EC88A852FE55}.Debug|x86.ActiveCfg = Debug|Win32
		{42C7ED0F-7AC7-4156-B021-EC88A852FE55}.Debug|x86.Build.0 = Debug|Win32
		{42C7ED0F-7AC7-4156-B021-EC88A852FE55}.Release|x64.ActiveCfg = Release|x64
		{42C7ED0F-7AC7-4156-B021-EC88A852FE55}.Release|x64.Build.0 = Release|x64
		{42C7ED0F-7AC7-4156-B021-EC88A852FE55}.Release|x86.ActiveCfg = Release|Win32
		{42C7ED0F-7AC7-4156-B021-EC88A852FE55}.Release|x86.Build.0 = Release|Win32
		{2E85CD09-7A4D-494F-B991-22E108CDCD0B}.Debug|x64.ActiveCfg = Debug|x64
		{2E85CD09-7A4D-494F-B991-22E108CDCD0B}.Debug|x64.Build.0 = Debug|x64
		{2E85CD09-7A4D-494F-B991-22E108CDCD0B}.Debug|x86.ActiveCfg = Debug|x64
		{2E85CD09-7A4D-494F-B991-22E108CDCD0B}.Debug|x86.Build.0 = Debug|x64
		{2E85CD09-7A4D-494F-B991-22E108CDCD0B}.Release|x64.ActiveCfg = Release|x64
		{2E85CD09-7A4D-494F-B991-22E108CDCD0B}.Release|x64.Build.0 = Release|x64
		{2E85CD09-7A4D-494F-B991-22E108CDCD0B}.Release|x86.ActiveCfg = Release|x64
		{2E85CD09-7A4D-494F-B991-22E108CDCD0B}.Release|x86.Build.0 = Release|x64
		{13B58602-224A-4AF0-9478-1B8645B7142A}.Debug|x64.ActiveCfg = Debug|x64
		{13B58602-224A-4AF0-9478-1B8645B7142A}.Debug|x64.Build.0 = Debug|x64
		{13B58602-224A-4AF0-9478-1B8645B7142A}.Debug|x86.ActiveCfg = Debug|x64
		{13B58602-224A-4AF0-9478-1B8645B7142A}.Debug|x86.Build.0 = Debug|x64
		{13B58602-224A-4AF0-9478-1B8645B7142A}.Release|x64.ActiveCfg = Release|x64
		{13B58602-224A-4AF0-9478-1B8645B7142A}.Release|x64.Build.0 = Release|x64
		{13B58602-224A-4AF0-9478-1B8645B7142A}.Release|x86.ActiveCfg = Release|x64
		{13B58602-224A-4AF0-9478-1B8645B7142A}.Release|x86.Build.0 = Release|x64
	EndGlobalSection
	GlobalSection(SolutionProperties) = preSolution
		HideSolutionNode = FALSE
	EndGlobalSection
	GlobalSection(NestedProjects) = preSolution
		{05B76C68-948D-42ED-A82B-E1D6DE416CDB} = {E6BD39A4-16FC-45AE-9762-744DF4F5B341}
		{A2071E12-E074-4BD1-83BE-2E478AF3590B} = {D6427BB8-089C-456E-B804-6126AA3048CD}
		{73AD7575-71D7-47EF-868A-F3318960FDA2} = {E6BD39A4-16FC-45AE-9762-744DF4F5B341}
		{473AE4AB-878F-4A3F-9D18-3C581F29D3F4} = {D6427BB8-089C-456E-B804-6126AA3048CD}
		{62E80978-9243-4E55-A73F-DD942A5963EA} = {7E1D3934-D2BE-45FC-BA02-BCD9F4C660F5}
		{D282AE32-28C6-44E0-9091-2F768B2CA868} = {7E1D3934-D2BE-45FC-BA02-BCD9F4C660F5}
		{B5B4E00D-541B-4EDD-BA48-8EC19029BCCE} = {7E1D3934-D2BE-45FC-BA02-BCD9F4C660F5}
		{A64F1025-03C0-48AB-9C7D-A012781B1CF7} = {7E1D3934-D2BE-45FC-BA02-BCD9F4C660F5}
		{939A63B8-150B-46C4-AD3E-DE4B5A4573D9} = {D6427BB8-089C-456E-B804-6126AA3048CD}
		{C18290D7-FE21-4D48-AEED-1416FA98F48C} = {D6427BB8-089C-456E-B804-6126AA3048CD}
		{97CE8E9B-3052-4FB9-B83E-05E8BD9BA931} = {D6427BB8-089C-456E-B804-6126AA3048CD}
		{586FADFE-576A-41B6-B6BF-8FFF5D9568B6} = {D6427BB8-089C-456E-B804-6126AA3048CD}
		{68819EF4-3281-4734-BCFF-15A22EBCB546} = {7E1D3934-D2BE-45FC-BA02-BCD9F4C660F5}
		{64FECE1C-706A-4EB1-B3D6-1C790CA1C71B} = {E6BD39A4-16FC-45AE-9762-744DF4F5B341}
		{F81A16AF-0BF1-4A84-8579-CA94A58C3DB1} = {D6427BB8-089C-456E-B804-6126AA3048CD}
		{909F7DD6-1B5F-4B5D-B43B-89C93A989475} = {7E1D3934-D2BE-45FC-BA02-BCD9F4C660F5}
		{42C7ED0F-7AC7-4156-B021-EC88A852FE55} = {D6427BB8-089C-456E-B804-6126AA3048CD}
		{2E85CD09-7A4D-494F-B991-22E108CDCD0B} = {7E1D3934-D2BE-45FC-BA02-BCD9F4C660F5}
		{13B58602-224A-4AF0-9478-1B8645B7142A} = {D6427BB8-089C-456E-B804-6126AA3048CD}
	EndGlobalSection
	GlobalSection(ExtensibilityGlobals) = postSolution
		SolutionGuid = {33A71E11-32DA-4501-8544-81DF86B962D2}
	EndGlobalSection
EndGlobal
